// !$*UTF8*$!
{
	archiveVersion = 1;
	classes = {
	};
	objectVersion = 50;
	objects = {

/* Begin PBXBuildFile section */
		CC5E66D9235CAF17001EA2D9 /* RatingControl.swift in Sources */ = {isa = PBXBuildFile; fileRef = CC5E66D8235CAF17001EA2D9 /* RatingControl.swift */; };
		CCDA01D4235C596C00B138D4 /* AppDelegate.swift in Sources */ = {isa = PBXBuildFile; fileRef = CCDA01D3235C596C00B138D4 /* AppDelegate.swift */; };
		CCDA01D6235C596C00B138D4 /* SceneDelegate.swift in Sources */ = {isa = PBXBuildFile; fileRef = CCDA01D5235C596C00B138D4 /* SceneDelegate.swift */; };
		CCDA01D8235C596C00B138D4 /* ViewController.swift in Sources */ = {isa = PBXBuildFile; fileRef = CCDA01D7235C596C00B138D4 /* ViewController.swift */; };
		CCDA01DB235C596C00B138D4 /* Main.storyboard in Resources */ = {isa = PBXBuildFile; fileRef = CCDA01D9235C596C00B138D4 /* Main.storyboard */; };
		CCDA01DD235C596D00B138D4 /* Assets.xcassets in Resources */ = {isa = PBXBuildFile; fileRef = CCDA01DC235C596D00B138D4 /* Assets.xcassets */; };
		CCDA01E0235C596D00B138D4 /* LaunchScreen.storyboard in Resources */ = {isa = PBXBuildFile; fileRef = CCDA01DE235C596D00B138D4 /* LaunchScreen.storyboard */; };
		CCDA01EB235C596E00B138D4 /* FoodTrackerLegacyTests.swift in Sources */ = {isa = PBXBuildFile; fileRef = CCDA01EA235C596E00B138D4 /* FoodTrackerLegacyTests.swift */; };
/* End PBXBuildFile section */

/* Begin PBXContainerItemProxy section */
		CCDA01E7235C596E00B138D4 /* PBXContainerItemProxy */ = {
			isa = PBXContainerItemProxy;
			containerPortal = CCDA01C8235C596C00B138D4 /* Project object */;
			proxyType = 1;
			remoteGlobalIDString = CCDA01CF235C596C00B138D4;
			remoteInfo = FoodTrackerLegacy;
		};
/* End PBXContainerItemProxy section */

/* Begin PBXFileReference section */
		CC5E66D8235CAF17001EA2D9 /* RatingControl.swift */ = {isa = PBXFileReference; lastKnownFileType = sourcecode.swift; path = RatingControl.swift; sourceTree = "<group>"; };
		CCDA01D0235C596C00B138D4 /* FoodTrackerLegacy.app */ = {isa = PBXFileReference; explicitFileType = wrapper.application; includeInIndex = 0; path = FoodTrackerLegacy.app; sourceTree = BUILT_PRODUCTS_DIR; };
		CCDA01D3235C596C00B138D4 /* AppDelegate.swift */ = {isa = PBXFileReference; lastKnownFileType = sourcecode.swift; path = AppDelegate.swift; sourceTree = "<group>"; };
		CCDA01D5235C596C00B138D4 /* SceneDelegate.swift */ = {isa = PBXFileReference; lastKnownFileType = sourcecode.swift; path = SceneDelegate.swift; sourceTree = "<group>"; };
		CCDA01D7235C596C00B138D4 /* ViewController.swift */ = {isa = PBXFileReference; lastKnownFileType = sourcecode.swift; path = ViewController.swift; sourceTree = "<group>"; };
		CCDA01DA235C596C00B138D4 /* Base */ = {isa = PBXFileReference; lastKnownFileType = file.storyboard; name = Base; path = Base.lproj/Main.storyboard; sourceTree = "<group>"; };
		CCDA01DC235C596D00B138D4 /* Assets.xcassets */ = {isa = PBXFileReference; lastKnownFileType = folder.assetcatalog; path = Assets.xcassets; sourceTree = "<group>"; };
		CCDA01DF235C596D00B138D4 /* Base */ = {isa = PBXFileReference; lastKnownFileType = file.storyboard; name = Base; path = Base.lproj/LaunchScreen.storyboard; sourceTree = "<group>"; };
		CCDA01E1235C596D00B138D4 /* Info.plist */ = {isa = PBXFileReference; lastKnownFileType = text.plist.xml; path = Info.plist; sourceTree = "<group>"; };
		CCDA01E6235C596E00B138D4 /* FoodTrackerLegacyTests.xctest */ = {isa = PBXFileReference; explicitFileType = wrapper.cfbundle; includeInIndex = 0; path = FoodTrackerLegacyTests.xctest; sourceTree = BUILT_PRODUCTS_DIR; };
		CCDA01EA235C596E00B138D4 /* FoodTrackerLegacyTests.swift */ = {isa = PBXFileReference; lastKnownFileType = sourcecode.swift; path = FoodTrackerLegacyTests.swift; sourceTree = "<group>"; };
		CCDA01EC235C596E00B138D4 /* Info.plist */ = {isa = PBXFileReference; lastKnownFileType = text.plist.xml; path = Info.plist; sourceTree = "<group>"; };
/* End PBXFileReference section */

/* Begin PBXFrameworksBuildPhase section */
		CCDA01CD235C596C00B138D4 /* Frameworks */ = {
			isa = PBXFrameworksBuildPhase;
			buildActionMask = 2147483647;
			files = (
			);
			runOnlyForDeploymentPostprocessing = 0;
		};
		CCDA01E3235C596E00B138D4 /* Frameworks */ = {
			isa = PBXFrameworksBuildPhase;
			buildActionMask = 2147483647;
			files = (
			);
			runOnlyForDeploymentPostprocessing = 0;
		};
/* End PBXFrameworksBuildPhase section */

/* Begin PBXGroup section */
		CCDA01C7235C596C00B138D4 = {
			isa = PBXGroup;
			children = (
				CCDA01D2235C596C00B138D4 /* FoodTrackerLegacy */,
				CCDA01E9235C596E00B138D4 /* FoodTrackerLegacyTests */,
				CCDA01D1235C596C00B138D4 /* Products */,
			);
			sourceTree = "<group>";
		};
		CCDA01D1235C596C00B138D4 /* Products */ = {
			isa = PBXGroup;
			children = (
				CCDA01D0235C596C00B138D4 /* FoodTrackerLegacy.app */,
				CCDA01E6235C596E00B138D4 /* FoodTrackerLegacyTests.xctest */,
			);
			name = Products;
			sourceTree = "<group>";
		};
		CCDA01D2235C596C00B138D4 /* FoodTrackerLegacy */ = {
			isa = PBXGroup;
			children = (
				CCDA01D3235C596C00B138D4 /* AppDelegate.swift */,
				CCDA01D5235C596C00B138D4 /* SceneDelegate.swift */,
				CCDA01D7235C596C00B138D4 /* ViewController.swift */,
				CCDA01D9235C596C00B138D4 /* Main.storyboard */,
				CC5E66D8235CAF17001EA2D9 /* RatingControl.swift */,
				CCDA01DC235C596D00B138D4 /* Assets.xcassets */,
				CCDA01DE235C596D00B138D4 /* LaunchScreen.storyboard */,
				CCDA01E1235C596D00B138D4 /* Info.plist */,
			);
			path = FoodTrackerLegacy;
			sourceTree = "<group>";
		};
		CCDA01E9235C596E00B138D4 /* FoodTrackerLegacyTests */ = {
			isa = PBXGroup;
			children = (
				CCDA01EA235C596E00B138D4 /* FoodTrackerLegacyTests.swift */,
				CCDA01EC235C596E00B138D4 /* Info.plist */,
			);
			path = FoodTrackerLegacyTests;
			sourceTree = "<group>";
		};
/* End PBXGroup section */

/* Begin PBXNativeTarget section */
		CCDA01CF235C596C00B138D4 /* FoodTrackerLegacy */ = {
			isa = PBXNativeTarget;
			buildConfigurationList = CCDA01EF235C596E00B138D4 /* Build configuration list for PBXNativeTarget "FoodTrackerLegacy" */;
			buildPhases = (
				CCDA01CC235C596C00B138D4 /* Sources */,
				CCDA01CD235C596C00B138D4 /* Frameworks */,
				CCDA01CE235C596C00B138D4 /* Resources */,
			);
			buildRules = (
			);
			dependencies = (
			);
			name = FoodTrackerLegacy;
			productName = FoodTrackerLegacy;
			productReference = CCDA01D0235C596C00B138D4 /* FoodTrackerLegacy.app */;
			productType = "com.apple.product-type.application";
		};
		CCDA01E5235C596E00B138D4 /* FoodTrackerLegacyTests */ = {
			isa = PBXNativeTarget;
			buildConfigurationList = CCDA01F2235C596E00B138D4 /* Build configuration list for PBXNativeTarget "FoodTrackerLegacyTests" */;
			buildPhases = (
				CCDA01E2235C596E00B138D4 /* Sources */,
				CCDA01E3235C596E00B138D4 /* Frameworks */,
				CCDA01E4235C596E00B138D4 /* Resources */,
			);
			buildRules = (
			);
			dependencies = (
				CCDA01E8235C596E00B138D4 /* PBXTargetDependency */,
			);
			name = FoodTrackerLegacyTests;
			productName = FoodTrackerLegacyTests;
			productReference = CCDA01E6235C596E00B138D4 /* FoodTrackerLegacyTests.xctest */;
			productType = "com.apple.product-type.bundle.unit-test";
		};
/* End PBXNativeTarget section */

/* Begin PBXProject section */
		CCDA01C8235C596C00B138D4 /* Project object */ = {
			isa = PBXProject;
			attributes = {
				LastSwiftUpdateCheck = 1110;
				LastUpgradeCheck = 1110;
				ORGANIZATIONNAME = coconut147;
				TargetAttributes = {
					CCDA01CF235C596C00B138D4 = {
						CreatedOnToolsVersion = 11.1;
					};
					CCDA01E5235C596E00B138D4 = {
						CreatedOnToolsVersion = 11.1;
						TestTargetID = CCDA01CF235C596C00B138D4;
					};
				};
			};
			buildConfigurationList = CCDA01CB235C596C00B138D4 /* Build configuration list for PBXProject "FoodTrackerLegacy" */;
			compatibilityVersion = "Xcode 9.3";
			developmentRegion = en;
			hasScannedForEncodings = 0;
			knownRegions = (
				en,
				Base,
			);
			mainGroup = CCDA01C7235C596C00B138D4;
			productRefGroup = CCDA01D1235C596C00B138D4 /* Products */;
			projectDirPath = "";
			projectRoot = "";
			targets = (
				CCDA01CF235C596C00B138D4 /* FoodTrackerLegacy */,
				CCDA01E5235C596E00B138D4 /* FoodTrackerLegacyTests */,
			);
		};
/* End PBXProject section */

/* Begin PBXResourcesBuildPhase section */
		CCDA01CE235C596C00B138D4 /* Resources */ = {
			isa = PBXResourcesBuildPhase;
			buildActionMask = 2147483647;
			files = (
				CCDA01E0235C596D00B138D4 /* LaunchScreen.storyboard in Resources */,
				CCDA01DD235C596D00B138D4 /* Assets.xcassets in Resources */,
				CCDA01DB235C596C00B138D4 /* Main.storyboard in Resources */,
			);
			runOnlyForDeploymentPostprocessing = 0;
		};
		CCDA01E4235C596E00B138D4 /* Resources */ = {
			isa = PBXResourcesBuildPhase;
			buildActionMask = 2147483647;
			files = (
			);
			runOnlyForDeploymentPostprocessing = 0;
		};
/* End PBXResourcesBuildPhase section */

/* Begin PBXSourcesBuildPhase section */
		CCDA01CC235C596C00B138D4 /* Sources */ = {
			isa = PBXSourcesBuildPhase;
			buildActionMask = 2147483647;
			files = (
				CC5E66D9235CAF17001EA2D9 /* RatingControl.swift in Sources */,
				CCDA01D8235C596C00B138D4 /* ViewController.swift in Sources */,
				CCDA01D4235C596C00B138D4 /* AppDelegate.swift in Sources */,
				CCDA01D6235C596C00B138D4 /* SceneDelegate.swift in Sources */,
			);
			runOnlyForDeploymentPostprocessing = 0;
		};
		CCDA01E2235C596E00B138D4 /* Sources */ = {
			isa = PBXSourcesBuildPhase;
			buildActionMask = 2147483647;
			files = (
				CCDA01EB235C596E00B138D4 /* FoodTrackerLegacyTests.swift in Sources */,
			);
			runOnlyForDeploymentPostprocessing = 0;
		};
/* End PBXSourcesBuildPhase section */

/* Begin PBXTargetDependency section */
		CCDA01E8235C596E00B138D4 /* PBXTargetDependency */ = {
			isa = PBXTargetDependency;
			target = CCDA01CF235C596C00B138D4 /* FoodTrackerLegacy */;
			targetProxy = CCDA01E7235C596E00B138D4 /* PBXContainerItemProxy */;
		};
/* End PBXTargetDependency section */

/* Begin PBXVariantGroup section */
		CCDA01D9235C596C00B138D4 /* Main.storyboard */ = {
			isa = PBXVariantGroup;
			children = (
				CCDA01DA235C596C00B138D4 /* Base */,
			);
			name = Main.storyboard;
			sourceTree = "<group>";
		};
		CCDA01DE235C596D00B138D4 /* LaunchScreen.storyboard */ = {
			isa = PBXVariantGroup;
			children = (
				CCDA01DF235C596D00B138D4 /* Base */,
			);
			name = LaunchScreen.storyboard;
			sourceTree = "<group>";
		};
/* End PBXVariantGroup section */

/* Begin XCBuildConfiguration section */
		CCDA01ED235C596E00B138D4 /* Debug */ = {
			isa = XCBuildConfiguration;
			buildSettings = {
				ALWAYS_SEARCH_USER_PATHS = NO;
				CLANG_ANALYZER_NONNULL = YES;
				CLANG_ANALYZER_NUMBER_OBJECT_CONVERSION = YES_AGGRESSIVE;
				CLANG_CXX_LANGUAGE_STANDARD = "gnu++14";
				CLANG_CXX_LIBRARY = "libc++";
				CLANG_ENABLE_MODULES = YES;
				CLANG_ENABLE_OBJC_ARC = YES;
				CLANG_ENABLE_OBJC_WEAK = YES;
				CLANG_WARN_BLOCK_CAPTURE_AUTORELEASING = YES;
				CLANG_WARN_BOOL_CONVERSION = YES;
				CLANG_WARN_COMMA = YES;
				CLANG_WARN_CONSTANT_CONVERSION = YES;
				CLANG_WARN_DEPRECATED_OBJC_IMPLEMENTATIONS = YES;
				CLANG_WARN_DIRECT_OBJC_ISA_USAGE = YES_ERROR;
				CLANG_WARN_DOCUMENTATION_COMMENTS = YES;
				CLANG_WARN_EMPTY_BODY = YES;
				CLANG_WARN_ENUM_CONVERSION = YES;
				CLANG_WARN_INFINITE_RECURSION = YES;
				CLANG_WARN_INT_CONVERSION = YES;
				CLANG_WARN_NON_LITERAL_NULL_CONVERSION = YES;
				CLANG_WARN_OBJC_IMPLICIT_RETAIN_SELF = YES;
				CLANG_WARN_OBJC_LITERAL_CONVERSION = YES;
				CLANG_WARN_OBJC_ROOT_CLASS = YES_ERROR;
				CLANG_WARN_RANGE_LOOP_ANALYSIS = YES;
				CLANG_WARN_STRICT_PROTOTYPES = YES;
				CLANG_WARN_SUSPICIOUS_MOVE = YES;
				CLANG_WARN_UNGUARDED_AVAILABILITY = YES_AGGRESSIVE;
				CLANG_WARN_UNREACHABLE_CODE = YES;
				CLANG_WARN__DUPLICATE_METHOD_MATCH = YES;
				COPY_PHASE_STRIP = NO;
				DEBUG_INFORMATION_FORMAT = dwarf;
				ENABLE_STRICT_OBJC_MSGSEND = YES;
				ENABLE_TESTABILITY = YES;
				GCC_C_LANGUAGE_STANDARD = gnu11;
				GCC_DYNAMIC_NO_PIC = NO;
				GCC_NO_COMMON_BLOCKS = YES;
				GCC_OPTIMIZATION_LEVEL = 0;
				GCC_PREPROCESSOR_DEFINITIONS = (
					"DEBUG=1",
					"$(inherited)",
				);
				GCC_WARN_64_TO_32_BIT_CONVERSION = YES;
				GCC_WARN_ABOUT_RETURN_TYPE = YES_ERROR;
				GCC_WARN_UNDECLARED_SELECTOR = YES;
				GCC_WARN_UNINITIALIZED_AUTOS = YES_AGGRESSIVE;
				GCC_WARN_UNUSED_FUNCTION = YES;
				GCC_WARN_UNUSED_VARIABLE = YES;
				IPHONEOS_DEPLOYMENT_TARGET = 9.3;
				MTL_ENABLE_DEBUG_INFO = INCLUDE_SOURCE;
				MTL_FAST_MATH = YES;
				ONLY_ACTIVE_ARCH = YES;
				SDKROOT = iphoneos;
				SWIFT_ACTIVE_COMPILATION_CONDITIONS = DEBUG;
				SWIFT_OPTIMIZATION_LEVEL = "-Onone";
			};
			name = Debug;
		};
		CCDA01EE235C596E00B138D4 /* Release */ = {
			isa = XCBuildConfiguration;
			buildSettings = {
				ALWAYS_SEARCH_USER_PATHS = NO;
				CLANG_ANALYZER_NONNULL = YES;
				CLANG_ANALYZER_NUMBER_OBJECT_CONVERSION = YES_AGGRESSIVE;
				CLANG_CXX_LANGUAGE_STANDARD = "gnu++14";
				CLANG_CXX_LIBRARY = "libc++";
				CLANG_ENABLE_MODULES = YES;
				CLANG_ENABLE_OBJC_ARC = YES;
				CLANG_ENABLE_OBJC_WEAK = YES;
				CLANG_WARN_BLOCK_CAPTURE_AUTORELEASING = YES;
				CLANG_WARN_BOOL_CONVERSION = YES;
				CLANG_WARN_COMMA = YES;
				CLANG_WARN_CONSTANT_CONVERSION = YES;
				CLANG_WARN_DEPRECATED_OBJC_IMPLEMENTATIONS = YES;
				CLANG_WARN_DIRECT_OBJC_ISA_USAGE = YES_ERROR;
				CLANG_WARN_DOCUMENTATION_COMMENTS = YES;
				CLANG_WARN_EMPTY_BODY = YES;
				CLANG_WARN_ENUM_CONVERSION = YES;
				CLANG_WARN_INFINITE_RECURSION = YES;
				CLANG_WARN_INT_CONVERSION = YES;
				CLANG_WARN_NON_LITERAL_NULL_CONVERSION = YES;
				CLANG_WARN_OBJC_IMPLICIT_RETAIN_SELF = YES;
				CLANG_WARN_OBJC_LITERAL_CONVERSION = YES;
				CLANG_WARN_OBJC_ROOT_CLASS = YES_ERROR;
				CLANG_WARN_RANGE_LOOP_ANALYSIS = YES;
				CLANG_WARN_STRICT_PROTOTYPES = YES;
				CLANG_WARN_SUSPICIOUS_MOVE = YES;
				CLANG_WARN_UNGUARDED_AVAILABILITY = YES_AGGRESSIVE;
				CLANG_WARN_UNREACHABLE_CODE = YES;
				CLANG_WARN__DUPLICATE_METHOD_MATCH = YES;
				COPY_PHASE_STRIP = NO;
				DEBUG_INFORMATION_FORMAT = "dwarf-with-dsym";
				ENABLE_NS_ASSERTIONS = NO;
				ENABLE_STRICT_OBJC_MSGSEND = YES;
				GCC_C_LANGUAGE_STANDARD = gnu11;
				GCC_NO_COMMON_BLOCKS = YES;
				GCC_WARN_64_TO_32_BIT_CONVERSION = YES;
				GCC_WARN_ABOUT_RETURN_TYPE = YES_ERROR;
				GCC_WARN_UNDECLARED_SELECTOR = YES;
				GCC_WARN_UNINITIALIZED_AUTOS = YES_AGGRESSIVE;
				GCC_WARN_UNUSED_FUNCTION = YES;
				GCC_WARN_UNUSED_VARIABLE = YES;
				IPHONEOS_DEPLOYMENT_TARGET = 9.3;
				MTL_ENABLE_DEBUG_INFO = NO;
				MTL_FAST_MATH = YES;
				SDKROOT = iphoneos;
				SWIFT_COMPILATION_MODE = wholemodule;
				SWIFT_OPTIMIZATION_LEVEL = "-O";
				VALIDATE_PRODUCT = YES;
			};
			name = Release;
		};
		CCDA01F0235C596E00B138D4 /* Debug */ = {
			isa = XCBuildConfiguration;
			buildSettings = {
				ASSETCATALOG_COMPILER_APPICON_NAME = AppIcon;
				CODE_SIGN_STYLE = Automatic;
				DEVELOPMENT_TEAM = 4DNN8PU365;
				INFOPLIST_FILE = FoodTrackerLegacy/Info.plist;
				IPHONEOS_DEPLOYMENT_TARGET = 9.3;
				LD_RUNPATH_SEARCH_PATHS = (
					"$(inherited)",
					"@executable_path/Frameworks",
				);
				PRODUCT_BUNDLE_IDENTIFIER = coconut147.FoodTrackerLegacy;
				PRODUCT_NAME = "$(TARGET_NAME)";
				SWIFT_VERSION = 5.0;
				TARGETED_DEVICE_FAMILY = "1,2";
			};
			name = Debug;
		};
		CCDA01F1235C596E00B138D4 /* Release */ = {
			isa = XCBuildConfiguration;
			buildSettings = {
				ASSETCATALOG_COMPILER_APPICON_NAME = AppIcon;
				CODE_SIGN_STYLE = Automatic;
				DEVELOPMENT_TEAM = 4DNN8PU365;
				INFOPLIST_FILE = FoodTrackerLegacy/Info.plist;
				IPHONEOS_DEPLOYMENT_TARGET = 9.3;
				LD_RUNPATH_SEARCH_PATHS = (
					"$(inherited)",
					"@executable_path/Frameworks",
				);
				PRODUCT_BUNDLE_IDENTIFIER = coconut147.FoodTrackerLegacy;
				PRODUCT_NAME = "$(TARGET_NAME)";
				SWIFT_VERSION = 5.0;
				TARGETED_DEVICE_FAMILY = "1,2";
			};
			name = Release;
		};
		CCDA01F3235C596E00B138D4 /* Debug */ = {
			isa = XCBuildConfiguration;
			buildSettings = {
				ALWAYS_EMBED_SWIFT_STANDARD_LIBRARIES = YES;
				BUNDLE_LOADER = "$(TEST_HOST)";
				CODE_SIGN_STYLE = Automatic;
				INFOPLIST_FILE = FoodTrackerLegacyTests/Info.plist;
				IPHONEOS_DEPLOYMENT_TARGET = 13.1;
				LD_RUNPATH_SEARCH_PATHS = (
					"$(inherited)",
					"@executable_path/Frameworks",
					"@loader_path/Frameworks",
				);
				PRODUCT_BUNDLE_IDENTIFIER = coconut147.FoodTrackerLegacyTests;
				PRODUCT_NAME = "$(TARGET_NAME)";
				SWIFT_VERSION = 5.0;
				TARGETED_DEVICE_FAMILY = "1,2";
				TEST_HOST = "$(BUILT_PRODUCTS_DIR)/FoodTrackerLegacy.app/FoodTrackerLegacy";
			};
			name = Debug;
		};
		CCDA01F4235C596E00B138D4 /* Release */ = {
			isa = XCBuildConfiguration;
			buildSettings = {
				ALWAYS_EMBED_SWIFT_STANDARD_LIBRARIES = YES;
				BUNDLE_LOADER = "$(TEST_HOST)";
				CODE_SIGN_STYLE = Automatic;
				INFOPLIST_FILE = FoodTrackerLegacyTests/Info.plist;
				IPHONEOS_DEPLOYMENT_TARGET = 13.1;
				LD_RUNPATH_SEARCH_PATHS = (
					"$(inherited)",
					"@executable_path/Frameworks",
					"@loader_path/Frameworks",
				);
				PRODUCT_BUNDLE_IDENTIFIER = coconut147.FoodTrackerLegacyTests;
				PRODUCT_NAME = "$(TARGET_NAME)";
				SWIFT_VERSION = 5.0;
				TARGETED_DEVICE_FAMILY = "1,2";
				TEST_HOST = "$(BUILT_PRODUCTS_DIR)/FoodTrackerLegacy.app/FoodTrackerLegacy";
			};
			name = Release;
		};
/* End XCBuildConfiguration section */

/* Begin XCConfigurationList section */
		CCDA01CB235C596C00B138D4 /* Build configuration list for PBXProject "FoodTrackerLegacy" */ = {
			isa = XCConfigurationList;
			buildConfigurations = (
				CCDA01ED235C596E00B138D4 /* Debug */,
				CCDA01EE235C596E00B138D4 /* Release */,
			);
			defaultConfigurationIsVisible = 0;
			defaultConfigurationName = Release;
		};
		CCDA01EF235C596E00B138D4 /* Build configuration list for PBXNativeTarget "FoodTrackerLegacy" */ = {
			isa = XCConfigurationList;
			buildConfigurations = (
				CCDA01F0235C596E00B138D4 /* Debug */,
				CCDA01F1235C596E00B138D4 /* Release */,
			);
			defaultConfigurationIsVisible = 0;
			defaultConfigurationName = Release;
		};
		CCDA01F2235C596E00B138D4 /* Build configuration list for PBXNativeTarget "FoodTrackerLegacyTests" */ = {
			isa = XCConfigurationList;
			buildConfigurations = (
				CCDA01F3235C596E00B138D4 /* Debug */,
				CCDA01F4235C596E00B138D4 /* Release */,
			);
			defaultConfigurationIsVisible = 0;
			defaultConfigurationName = Release;
		};
/* End XCConfigurationList section */
	};
	rootObject = CCDA01C8235C596C00B138D4 /* Project object */;
}
